
Microsoft Visual Studio Solution File, Format Version 12.00
# Visual Studio 15
VisualStudioVersion = 15.0.28307.1500
MinimumVisualStudioVersion = 10.0.40219.1
Project("{9A19103F-16F7-4668-BE54-9A1E7A4F7556}") = "SalaryPlugin", "SalaryPlugin\SalaryPlugin.csproj", "{A2961405-A81E-44E5-AB42-B5A2853C3277}"
EndProject
Global
	GlobalSection(SolutionConfigurationPlatforms) = preSolution
		Debug|Any CPU = Debug|Any CPU
		Release|Any CPU = Release|Any CPU
	EndGlobalSection
	GlobalSection(ProjectConfigurationPlatforms) = postSolution
		{A2961405-A81E-44E5-AB42-B5A2853C3277}.Debug|Any CPU.ActiveCfg = Debug|Any CPU
		{A2961405-A81E-44E5-AB42-B5A2853C3277}.Debug|Any CPU.Build.0 = Debug|Any CPU
		{A2961405-A81E-44E5-AB42-B5A2853C3277}.Release|Any CPU.ActiveCfg = Release|Any CPU
		{A2961405-A81E-44E5-AB42-B5A2853C3277}.Release|Any CPU.Build.0 = Release|Any CPU
	EndGlobalSection
	GlobalSection(SolutionProperties) = preSolution
		HideSolutionNode = FALSE
	EndGlobalSection
	GlobalSection(ExtensibilityGlobals) = postSolution
		SolutionGuid = {5323AAC6-3B45-4A06-812E-683E941C0CAB}
	EndGlobalSection
EndGlobal
